
Microsoft Visual Studio Solution File, Format Version 12.00
# Visual Studio Version 17
VisualStudioVersion = 17.5.002.0
MinimumVisualStudioVersion = 10.0.40219.1
Project("{9A19103F-16F7-4668-BE54-9A1E7A4F7556}") = "notepad", "notepad.csproj", "{7D49D5CB-05C0-43BB-94C9-43CE5313AAD3}"
EndProject
Global
	GlobalSection(SolutionConfigurationPlatforms) = preSolution
		Debug|Any CPU = Debug|Any CPU
		Release|Any CPU = Release|Any CPU
	EndGlobalSection
	GlobalSection(ProjectConfigurationPlatforms) = postSolution
		{7D49D5CB-05C0-43BB-94C9-43CE5313AAD3}.Debug|Any CPU.ActiveCfg = Debug|Any CPU
		{7D49D5CB-05C0-43BB-94C9-43CE5313AAD3}.Debug|Any CPU.Build.0 = Debug|Any CPU
		{7D49D5CB-05C0-43BB-94C9-43CE5313AAD3}.Release|Any CPU.ActiveCfg = Release|Any CPU
		{7D49D5CB-05C0-43BB-94C9-43CE5313AAD3}.Release|Any CPU.Build.0 = Release|Any CPU
	EndGlobalSection
	GlobalSection(SolutionProperties) = preSolution
		HideSolutionNode = FALSE
	EndGlobalSection
	GlobalSection(ExtensibilityGlobals) = postSolution
		SolutionGuid = {E2BD9D02-E257-4ACB-8A2D-E03FE267BF88}
	EndGlobalSection
EndGlobal
